
Microsoft Visual Studio Solution File, Format Version 12.00
# Visual Studio 15
VisualStudioVersion = 15.0.27703.2047
MinimumVisualStudioVersion = 10.0.40219.1
Project("{FAE04EC0-301F-11D3-BF4B-00C04F79EFBC}") = "DemoApp.Android", "DemoApp\DemoApp.Android\DemoApp.Android.csproj", "{B0116524-CFB0-46A9-B573-FCC3AD6F5CB8}"
EndProject
Project("{FAE04EC0-301F-11D3-BF4B-00C04F79EFBC}") = "DemoApp.iOS", "DemoApp\DemoApp.iOS\DemoApp.iOS.csproj", "{ADE01DFD-619C-4ADC-B2EA-4D360E83546C}"
EndProject
Project("{FAE04EC0-301F-11D3-BF4B-00C04F79EFBC}") = "DemoApp", "DemoApp\DemoApp\DemoApp.csproj", "{E3E24446-4C93-42BD-8EAE-F0C4C931C975}"
EndProject
Global
	GlobalSection(SolutionConfigurationPlatforms) = preSolution
		Ad-Hoc|Any CPU = Ad-Hoc|Any CPU
		Ad-Hoc|iPhone = Ad-Hoc|iPhone
		Ad-Hoc|iPhoneSimulator = Ad-Hoc|iPhoneSimulator
		AppStore|Any CPU = AppStore|Any CPU
		AppStore|iPhone = AppStore|iPhone
		AppStore|iPhoneSimulator = AppStore|iPhoneSimulator
		Debug|Any CPU = Debug|Any CPU
		Debug|iPhone = Debug|iPhone
		Debug|iPhoneSimulator = Debug|iPhoneSimulator
		Release|Any CPU = Release|Any CPU
		Release|iPhone = Release|iPhone
		Release|iPhoneSimulator = Release|iPhoneSimulator
	EndGlobalSection
	GlobalSection(ProjectConfigurationPlatforms) = postSolution
		{B0116524-CFB0-46A9-B573-FCC3AD6F5CB8}.Ad-Hoc|Any CPU.ActiveCfg = Release|Any CPU
		{B0116524-CFB0-46A9-B573-FCC3AD6F5CB8}.Ad-Hoc|Any CPU.Build.0 = Release|Any CPU
		{B0116524-CFB0-46A9-B573-FCC3AD6F5CB8}.Ad-Hoc|Any CPU.Deploy.0 = Release|Any CPU
		{B0116524-CFB0-46A9-B573-FCC3AD6F5CB8}.Ad-Hoc|iPhone.ActiveCfg = Release|Any CPU
		{B0116524-CFB0-46A9-B573-FCC3AD6F5CB8}.Ad-Hoc|iPhone.Build.0 = Release|Any CPU
		{B0116524-CFB0-46A9-B573-FCC3AD6F5CB8}.Ad-Hoc|iPhone.Deploy.0 = Release|Any CPU
		{B0116524-CFB0-46A9-B573-FCC3AD6F5CB8}.Ad-Hoc|iPhoneSimulator.ActiveCfg = Release|Any CPU
		{B0116524-CFB0-46A9-B573-FCC3AD6F5CB8}.Ad-Hoc|iPhoneSimulator.Build.0 = Release|Any CPU
		{B0116524-CFB0-46A9-B573-FCC3AD6F5CB8}.Ad-Hoc|iPhoneSimulator.Deploy.0 = Release|Any CPU
		{B0116524-CFB0-46A9-B573-FCC3AD6F5CB8}.AppStore|Any CPU.ActiveCfg = Release|Any CPU
		{B0116524-CFB0-46A9-B573-FCC3AD6F5CB8}.AppStore|Any CPU.Build.0 = Release|Any CPU
		{B0116524-CFB0-46A9-B573-FCC3AD6F5CB8}.AppStore|Any CPU.Deploy.0 = Release|Any CPU
		{B0116524-CFB0-46A9-B573-FCC3AD6F5CB8}.AppStore|iPhone.ActiveCfg = Release|Any CPU
		{B0116524-CFB0-46A9-B573-FCC3AD6F5CB8}.AppStore|iPhone.Build.0 = Release|Any CPU
		{B0116524-CFB0-46A9-B573-FCC3AD6F5CB8}.AppStore|iPhone.Deploy.0 = Release|Any CPU
		{B0116524-CFB0-46A9-B573-FCC3AD6F5CB8}.AppStore|iPhoneSimulator.ActiveCfg = Release|Any CPU
		{B0116524-CFB0-46A9-B573-FCC3AD6F5CB8}.AppStore|iPhoneSimulator.Build.0 = Release|Any CPU
		{B0116524-CFB0-46A9-B573-FCC3AD6F5CB8}.AppStore|iPhoneSimulator.Deploy.0 = Release|Any CPU
		{B0116524-CFB0-46A9-B573-FCC3AD6F5CB8}.Debug|Any CPU.ActiveCfg = Debug|Any CPU
		{B0116524-CFB0-46A9-B573-FCC3AD6F5CB8}.Debug|Any CPU.Build.0 = Debug|Any CPU
		{B0116524-CFB0-46A9-B573-FCC3AD6F5CB8}.Debug|Any CPU.Deploy.0 = Debug|Any CPU
		{B0116524-CFB0-46A9-B573-FCC3AD6F5CB8}.Debug|iPhone.ActiveCfg = Debug|Any CPU
		{B0116524-CFB0-46A9-B573-FCC3AD6F5CB8}.Debug|iPhone.Build.0 = Debug|Any CPU
		{B0116524-CFB0-46A9-B573-FCC3AD6F5CB8}.Debug|iPhone.Deploy.0 = Debug|Any CPU
		{B0116524-CFB0-46A9-B573-FCC3AD6F5CB8}.Debug|iPhoneSimulator.ActiveCfg = Debug|Any CPU
		{B0116524-CFB0-46A9-B573-FCC3AD6F5CB8}.Debug|iPhoneSimulator.Build.0 = Debug|Any CPU
		{B0116524-CFB0-46A9-B573-FCC3AD6F5CB8}.Debug|iPhoneSimulator.Deploy.0 = Debug|Any CPU
		{B0116524-CFB0-46A9-B573-FCC3AD6F5CB8}.Release|Any CPU.ActiveCfg = Release|Any CPU
		{B0116524-CFB0-46A9-B573-FCC3AD6F5CB8}.Release|Any CPU.Build.0 = Release|Any CPU
		{B0116524-CFB0-46A9-B573-FCC3AD6F5CB8}.Release|Any CPU.Deploy.0 = Release|Any CPU
		{B0116524-CFB0-46A9-B573-FCC3AD6F5CB8}.Release|iPhone.ActiveCfg = Release|Any CPU
		{B0116524-CFB0-46A9-B573-FCC3AD6F5CB8}.Release|iPhone.Build.0 = Release|Any CPU
		{B0116524-CFB0-46A9-B573-FCC3AD6F5CB8}.Release|iPhone.Deploy.0 = Release|Any CPU
		{B0116524-CFB0-46A9-B573-FCC3AD6F5CB8}.Release|iPhoneSimulator.ActiveCfg = Release|Any CPU
		{B0116524-CFB0-46A9-B573-FCC3AD6F5CB8}.Release|iPhoneSimulator.Build.0 = Release|Any CPU
		{B0116524-CFB0-46A9-B573-FCC3AD6F5CB8}.Release|iPhoneSimulator.Deploy.0 = Release|Any CPU
		{ADE01DFD-619C-4ADC-B2EA-4D360E83546C}.Ad-Hoc|Any CPU.ActiveCfg = Ad-Hoc|iPhone
		{ADE01DFD-619C-4ADC-B2EA-4D360E83546C}.Ad-Hoc|Any CPU.Build.0 = Ad-Hoc|iPhone
		{ADE01DFD-619C-4ADC-B2EA-4D360E83546C}.Ad-Hoc|Any CPU.Deploy.0 = Ad-Hoc|iPhone
		{ADE01DFD-619C-4ADC-B2EA-4D360E83546C}.Ad-Hoc|iPhone.ActiveCfg = Ad-Hoc|iPhone
		{ADE01DFD-619C-4ADC-B2EA-4D360E83546C}.Ad-Hoc|iPhone.Build.0 = Ad-Hoc|iPhone
		{ADE01DFD-619C-4ADC-B2EA-4D360E83546C}.Ad-Hoc|iPhone.Deploy.0 = Ad-Hoc|iPhone
		{ADE01DFD-619C-4ADC-B2EA-4D360E83546C}.Ad-Hoc|iPhoneSimulator.ActiveCfg = Ad-Hoc|iPhoneSimulator
		{ADE01DFD-619C-4ADC-B2EA-4D360E83546C}.Ad-Hoc|iPhoneSimulator.Build.0 = Ad-Hoc|iPhoneSimulator
		{ADE01DFD-619C-4ADC-B2EA-4D360E83546C}.Ad-Hoc|iPhoneSimulator.Deploy.0 = Ad-Hoc|iPhoneSimulator
		{ADE01DFD-619C-4ADC-B2EA-4D360E83546C}.AppStore|Any CPU.ActiveCfg = AppStore|iPhone
		{ADE01DFD-619C-4ADC-B2EA-4D360E83546C}.AppStore|Any CPU.Build.0 = AppStore|iPhone
		{ADE01DFD-619C-4ADC-B2EA-4D360E83546C}.AppStore|Any CPU.Deploy.0 = AppStore|iPhone
		{ADE01DFD-619C-4ADC-B2EA-4D360E83546C}.AppStore|iPhone.ActiveCfg = AppStore|iPhone
		{ADE01DFD-619C-4ADC-B2EA-4D360E83546C}.AppStore|iPhone.Build.0 = AppStore|iPhone
		{ADE01DFD-619C-4ADC-B2EA-4D360E83546C}.AppStore|iPhone.Deploy.0 = AppStore|iPhone
		{ADE01DFD-619C-4ADC-B2EA-4D360E83546C}.AppStore|iPhoneSimulator.ActiveCfg = AppStore|iPhoneSimulator
		{ADE01DFD-619C-4ADC-B2EA-4D360E83546C}.AppStore|iPhoneSimulator.Build.0 = AppStore|iPhoneSimulator
		{ADE01DFD-619C-4ADC-B2EA-4D360E83546C}.AppStore|iPhoneSimulator.Deploy.0 = AppStore|iPhoneSimulator
		{ADE01DFD-619C-4ADC-B2EA-4D360E83546C}.Debug|Any CPU.ActiveCfg = Debug|iPhoneSimulator
		{ADE01DFD-619C-4ADC-B2EA-4D360E83546C}.Debug|Any CPU.Build.0 = Debug|iPhoneSimulator
		{ADE01DFD-619C-4ADC-B2EA-4D360E83546C}.Debug|Any CPU.Deploy.0 = Debug|iPhoneSimulator
		{ADE01DFD-619C-4ADC-B2EA-4D360E83546C}.Debug|iPhone.ActiveCfg = Debug|iPhone
		{ADE01DFD-619C-4ADC-B2EA-4D360E83546C}.Debug|iPhone.Build.0 = Debug|iPhone
		{ADE01DFD-619C-4ADC-B2EA-4D360E83546C}.Debug|iPhone.Deploy.0 = Debug|iPhone
		{ADE01DFD-619C-4ADC-B2EA-4D360E83546C}.Debug|iPhoneSimulator.ActiveCfg = Debug|iPhoneSimulator
		{ADE01DFD-619C-4ADC-B2EA-4D360E83546C}.Debug|iPhoneSimulator.Build.0 = Debug|iPhoneSimulator
		{ADE01DFD-619C-4ADC-B2EA-4D360E83546C}.Debug|iPhoneSimulator.Deploy.0 = Debug|iPhoneSimulator
		{ADE01DFD-619C-4ADC-B2EA-4D360E83546C}.Release|Any CPU.ActiveCfg = Release|iPhone
		{ADE01DFD-619C-4ADC-B2EA-4D360E83546C}.Release|Any CPU.Build.0 = Release|iPhone
		{ADE01DFD-619C-4ADC-B2EA-4D360E83546C}.Release|Any CPU.Deploy.0 = Release|iPhone
		{ADE01DFD-619C-4ADC-B2EA-4D360E83546C}.Release|iPhone.ActiveCfg = Release|iPhone
		{ADE01DFD-619C-4ADC-B2EA-4D360E83546C}.Release|iPhone.Build.0 = Release|iPhone
		{ADE01DFD-619C-4ADC-B2EA-4D360E83546C}.Release|iPhone.Deploy.0 = Release|iPhone
		{ADE01DFD-619C-4ADC-B2EA-4D360E83546C}.Release|iPhoneSimulator.ActiveCfg = Release|iPhoneSimulator
		{ADE01DFD-619C-4ADC-B2EA-4D360E83546C}.Release|iPhoneSimulator.Build.0 = Release|iPhoneSimulator
		{ADE01DFD-619C-4ADC-B2EA-4D360E83546C}.Release|iPhoneSimulator.Deploy.0 = Release|iPhoneSimulator
		{E3E24446-4C93-42BD-8EAE-F0C4C931C975}.Ad-Hoc|Any CPU.ActiveCfg = Debug|Any CPU
		{E3E24446-4C93-42BD-8EAE-F0C4C931C975}.Ad-Hoc|Any CPU.Build.0 = Debug|Any CPU
		{E3E24446-4C93-42BD-8EAE-F0C4C931C975}.Ad-Hoc|Any CPU.Deploy.0 = Debug|Any CPU
		{E3E24446-4C93-42BD-8EAE-F0C4C931C975}.Ad-Hoc|iPhone.ActiveCfg = Debug|Any CPU
		{E3E24446-4C93-42BD-8EAE-F0C4C931C975}.Ad-Hoc|iPhone.Build.0 = Debug|Any CPU
		{E3E24446-4C93-42BD-8EAE-F0C4C931C975}.Ad-Hoc|iPhone.Deploy.0 = Debug|Any CPU
		{E3E24446-4C93-42BD-8EAE-F0C4C931C975}.Ad-Hoc|iPhoneSimulator.ActiveCfg = Debug|Any CPU
		{E3E24446-4C93-42BD-8EAE-F0C4C931C975}.Ad-Hoc|iPhoneSimulator.Build.0 = Debug|Any CPU
		{E3E24446-4C93-42BD-8EAE-F0C4C931C975}.Ad-Hoc|iPhoneSimulator.Deploy.0 = Debug|Any CPU
		{E3E24446-4C93-42BD-8EAE-F0C4C931C975}.AppStore|Any CPU.ActiveCfg = Debug|Any CPU
		{E3E24446-4C93-42BD-8EAE-F0C4C931C975}.AppStore|Any CPU.Build.0 = Debug|Any CPU
		{E3E24446-4C93-42BD-8EAE-F0C4C931C975}.AppStore|Any CPU.Deploy.0 = Debug|Any CPU
		{E3E24446-4C93-42BD-8EAE-F0C4C931C975}.AppStore|iPhone.ActiveCfg = Debug|Any CPU
		{E3E24446-4C93-42BD-8EAE-F0C4C931C975}.AppStore|iPhone.Build.0 = Debug|Any CPU
		{E3E24446-4C93-42BD-8EAE-F0C4C931C975}.AppStore|iPhone.Deploy.0 = Debug|Any CPU
		{E3E24446-4C93-42BD-8EAE-F0C4C931C975}.AppStore|iPhoneSimulator.ActiveCfg = Debug|Any CPU
		{E3E24446-4C93-42BD-8EAE-F0C4C931C975}.AppStore|iPhoneSimulator.Build.0 = Debug|Any CPU
		{E3E24446-4C93-42BD-8EAE-F0C4C931C975}.AppStore|iPhoneSimulator.Deploy.0 = Debug|Any CPU
		{E3E24446-4C93-42BD-8EAE-F0C4C931C975}.Debug|Any CPU.ActiveCfg = Debug|Any CPU
		{E3E24446-4C93-42BD-8EAE-F0C4C931C975}.Debug|Any CPU.Build.0 = Debug|Any CPU
		{E3E24446-4C93-42BD-8EAE-F0C4C931C975}.Debug|Any CPU.Deploy.0 = Debug|Any CPU
		{E3E24446-4C93-42BD-8EAE-F0C4C931C975}.Debug|iPhone.ActiveCfg = Debug|Any CPU
		{E3E24446-4C93-42BD-8EAE-F0C4C931C975}.Debug|iPhone.Build.0 = Debug|Any CPU
		{E3E24446-4C93-42BD-8EAE-F0C4C931C975}.Debug|iPhone.Deploy.0 = Debug|Any CPU
		{E3E24446-4C93-42BD-8EAE-F0C4C931C975}.Debug|iPhoneSimulator.ActiveCfg = Debug|Any CPU
		{E3E24446-4C93-42BD-8EAE-F0C4C931C975}.Debug|iPhoneSimulator.Build.0 = Debug|Any CPU
		{E3E24446-4C93-42BD-8EAE-F0C4C931C975}.Debug|iPhoneSimulator.Deploy.0 = Debug|Any CPU
		{E3E24446-4C93-42BD-8EAE-F0C4C931C975}.Release|Any CPU.ActiveCfg = Release|Any CPU
		{E3E24446-4C93-42BD-8EAE-F0C4C931C975}.Release|Any CPU.Build.0 = Release|Any CPU
		{E3E24446-4C93-42BD-8EAE-F0C4C931C975}.Release|Any CPU.Deploy.0 = Release|Any CPU
		{E3E24446-4C93-42BD-8EAE-F0C4C931C975}.Release|iPhone.ActiveCfg = Release|Any CPU
		{E3E24446-4C93-42BD-8EAE-F0C4C931C975}.Release|iPhone.Build.0 = Release|Any CPU
		{E3E24446-4C93-42BD-8EAE-F0C4C931C975}.Release|iPhone.Deploy.0 = Release|Any CPU
		{E3E24446-4C93-42BD-8EAE-F0C4C931C975}.Release|iPhoneSimulator.ActiveCfg = Release|Any CPU
		{E3E24446-4C93-42BD-8EAE-F0C4C931C975}.Release|iPhoneSimulator.Build.0 = Release|Any CPU
		{E3E24446-4C93-42BD-8EAE-F0C4C931C975}.Release|iPhoneSimulator.Deploy.0 = Release|Any CPU
	EndGlobalSection
	GlobalSection(SolutionProperties) = preSolution
		HideSolutionNode = FALSE
	EndGlobalSection
	GlobalSection(ExtensibilityGlobals) = postSolution
		SolutionGuid = {93ED144F-038F-4A4E-81C6-EA2A596B81D7}
	EndGlobalSection
EndGlobal
